// !$*UTF8*$!
{
	archiveVersion = 1;
	classes = {
	};
	objectVersion = 56;
	objects = {

/* Begin PBXBuildFile section */
		0D56800629B87CA500AE1116 /* AppDelegate.m in Sources */ = {isa = PBXBuildFile; fileRef = 0D56800529B87CA500AE1116 /* AppDelegate.m */; };
		0D56800929B87CA500AE1116 /* SceneDelegate.m in Sources */ = {isa = PBXBuildFile; fileRef = 0D56800829B87CA500AE1116 /* SceneDelegate.m */; };
		0D56800C29B87CA500AE1116 /* ViewController.m in Sources */ = {isa = PBXBuildFile; fileRef = 0D56800B29B87CA500AE1116 /* ViewController.m */; };
		0D56801129B87CA700AE1116 /* Assets.xcassets in Resources */ = {isa = PBXBuildFile; fileRef = 0D56801029B87CA700AE1116 /* Assets.xcassets */; };
		0D56801429B87CA700AE1116 /* LaunchScreen.storyboard in Resources */ = {isa = PBXBuildFile; fileRef = 0D56801229B87CA700AE1116 /* LaunchScreen.storyboard */; };
		0D56801729B87CA700AE1116 /* main.m in Sources */ = {isa = PBXBuildFile; fileRef = 0D56801629B87CA700AE1116 /* main.m */; };
		0D56801F29B87E3600AE1116 /* FileManager.m in Sources */ = {isa = PBXBuildFile; fileRef = 0D56801E29B87E3600AE1116 /* FileManager.m */; };
		0D56802229B87E5000AE1116 /* File.m in Sources */ = {isa = PBXBuildFile; fileRef = 0D56802129B87E5000AE1116 /* File.m */; };
		0D56802729B881F300AE1116 /* FileViewController.m in Sources */ = {isa = PBXBuildFile; fileRef = 0D56802629B881F300AE1116 /* FileViewController.m */; };
		0D56802B29B88BD000AE1116 /* Main.storyboard in Resources */ = {isa = PBXBuildFile; fileRef = 0D56800D29B87CA500AE1116 /* Main.storyboard */; };
		0D56802E29B88E1000AE1116 /* Folder.m in Sources */ = {isa = PBXBuildFile; fileRef = 0D56802D29B88E1000AE1116 /* Folder.m */; };
/* End PBXBuildFile section */

/* Begin PBXFileReference section */
		0D56800129B87CA500AE1116 /* CompositePattern.app */ = {isa = PBXFileReference; explicitFileType = wrapper.application; includeInIndex = 0; path = CompositePattern.app; sourceTree = BUILT_PRODUCTS_DIR; };
		0D56800429B87CA500AE1116 /* AppDelegate.h */ = {isa = PBXFileReference; lastKnownFileType = sourcecode.c.h; path = AppDelegate.h; sourceTree = "<group>"; };
		0D56800529B87CA500AE1116 /* AppDelegate.m */ = {isa = PBXFileReference; lastKnownFileType = sourcecode.c.objc; path = AppDelegate.m; sourceTree = "<group>"; };
		0D56800729B87CA500AE1116 /* SceneDelegate.h */ = {isa = PBXFileReference; lastKnownFileType = sourcecode.c.h; path = SceneDelegate.h; sourceTree = "<group>"; };
		0D56800829B87CA500AE1116 /* SceneDelegate.m */ = {isa = PBXFileReference; lastKnownFileType = sourcecode.c.objc; path = SceneDelegate.m; sourceTree = "<group>"; };
		0D56800A29B87CA500AE1116 /* ViewController.h */ = {isa = PBXFileReference; lastKnownFileType = sourcecode.c.h; path = ViewController.h; sourceTree = "<group>"; };
		0D56800B29B87CA500AE1116 /* ViewController.m */ = {isa = PBXFileReference; lastKnownFileType = sourcecode.c.objc; path = ViewController.m; sourceTree = "<group>"; };
		0D56800E29B87CA500AE1116 /* Base */ = {isa = PBXFileReference; lastKnownFileType = file.storyboard; name = Base; path = Base.lproj/Main.storyboard; sourceTree = "<group>"; };
		0D56801029B87CA700AE1116 /* Assets.xcassets */ = {isa = PBXFileReference; lastKnownFileType = folder.assetcatalog; path = Assets.xcassets; sourceTree = "<group>"; };
		0D56801329B87CA700AE1116 /* Base */ = {isa = PBXFileReference; lastKnownFileType = file.storyboard; name = Base; path = Base.lproj/LaunchScreen.storyboard; sourceTree = "<group>"; };
		0D56801529B87CA700AE1116 /* Info.plist */ = {isa = PBXFileReference; lastKnownFileType = text.plist.xml; path = Info.plist; sourceTree = "<group>"; };
		0D56801629B87CA700AE1116 /* main.m */ = {isa = PBXFileReference; lastKnownFileType = sourcecode.c.objc; path = main.m; sourceTree = "<group>"; };
		0D56801D29B87E3600AE1116 /* FileManager.h */ = {isa = PBXFileReference; lastKnownFileType = sourcecode.c.h; path = FileManager.h; sourceTree = "<group>"; };
		0D56801E29B87E3600AE1116 /* FileManager.m */ = {isa = PBXFileReference; lastKnownFileType = sourcecode.c.objc; path = FileManager.m; sourceTree = "<group>"; };
		0D56802029B87E5000AE1116 /* File.h */ = {isa = PBXFileReference; lastKnownFileType = sourcecode.c.h; path = File.h; sourceTree = "<group>"; };
		0D56802129B87E5000AE1116 /* File.m */ = {isa = PBXFileReference; lastKnownFileType = sourcecode.c.objc; path = File.m; sourceTree = "<group>"; };
		0D56802529B881F300AE1116 /* FileViewController.h */ = {isa = PBXFileReference; lastKnownFileType = sourcecode.c.h; path = FileViewController.h; sourceTree = "<group>"; };
		0D56802629B881F300AE1116 /* FileViewController.m */ = {isa = PBXFileReference; lastKnownFileType = sourcecode.c.objc; path = FileViewController.m; sourceTree = "<group>"; };
		0D56802C29B88E1000AE1116 /* Folder.h */ = {isa = PBXFileReference; lastKnownFileType = sourcecode.c.h; path = Folder.h; sourceTree = "<group>"; };
		0D56802D29B88E1000AE1116 /* Folder.m */ = {isa = PBXFileReference; lastKnownFileType = sourcecode.c.objc; path = Folder.m; sourceTree = "<group>"; };
		0D56802F29B8948500AE1116 /* FileProtocol.h */ = {isa = PBXFileReference; lastKnownFileType = sourcecode.c.h; path = FileProtocol.h; sourceTree = "<group>"; };
/* End PBXFileReference section */

/* Begin PBXFrameworksBuildPhase section */
		0D567FFE29B87CA500AE1116 /* Frameworks */ = {
			isa = PBXFrameworksBuildPhase;
			buildActionMask = 2147483647;
			files = (
			);
			runOnlyForDeploymentPostprocessing = 0;
		};
/* End PBXFrameworksBuildPhase section */

/* Begin PBXGroup section */
		0D567FF829B87CA500AE1116 = {
			isa = PBXGroup;
			children = (
				0D56800329B87CA500AE1116 /* CompositePattern */,
				0D56800229B87CA500AE1116 /* Products */,
			);
			sourceTree = "<group>";
		};
		0D56800229B87CA500AE1116 /* Products */ = {
			isa = PBXGroup;
			children = (
				0D56800129B87CA500AE1116 /* CompositePattern.app */,
			);
			name = Products;
			sourceTree = "<group>";
		};
		0D56800329B87CA500AE1116 /* CompositePattern */ = {
			isa = PBXGroup;
			children = (
				0D56800429B87CA500AE1116 /* AppDelegate.h */,
				0D56800529B87CA500AE1116 /* AppDelegate.m */,
				0D56800729B87CA500AE1116 /* SceneDelegate.h */,
				0D56800829B87CA500AE1116 /* SceneDelegate.m */,
				0D56800A29B87CA500AE1116 /* ViewController.h */,
				0D56800B29B87CA500AE1116 /* ViewController.m */,
				0D56802529B881F300AE1116 /* FileViewController.h */,
				0D56802629B881F300AE1116 /* FileViewController.m */,
				0D56802329B87F0E00AE1116 /* FileManager */,
				0D56800D29B87CA500AE1116 /* Main.storyboard */,
				0D56801029B87CA700AE1116 /* Assets.xcassets */,
				0D56801229B87CA700AE1116 /* LaunchScreen.storyboard */,
				0D56801529B87CA700AE1116 /* Info.plist */,
				0D56801629B87CA700AE1116 /* main.m */,
			);
			path = CompositePattern;
			sourceTree = "<group>";
		};
		0D56802329B87F0E00AE1116 /* FileManager */ = {
			isa = PBXGroup;
			children = (
				0D56802F29B8948500AE1116 /* FileProtocol.h */,
				0D56801D29B87E3600AE1116 /* FileManager.h */,
				0D56801E29B87E3600AE1116 /* FileManager.m */,
				0D56802029B87E5000AE1116 /* File.h */,
				0D56802129B87E5000AE1116 /* File.m */,
				0D56802C29B88E1000AE1116 /* Folder.h */,
				0D56802D29B88E1000AE1116 /* Folder.m */,
			);
			path = FileManager;
			sourceTree = "<group>";
		};
/* End PBXGroup section */

/* Begin PBXNativeTarget section */
		0D56800029B87CA500AE1116 /* CompositePattern */ = {
			isa = PBXNativeTarget;
			buildConfigurationList = 0D56801A29B87CA700AE1116 /* Build configuration list for PBXNativeTarget "CompositePattern" */;
			buildPhases = (
				0D567FFD29B87CA500AE1116 /* Sources */,
				0D567FFE29B87CA500AE1116 /* Frameworks */,
				0D567FFF29B87CA500AE1116 /* Resources */,
			);
			buildRules = (
			);
			dependencies = (
			);
			name = CompositePattern;
			productName = CompositePattern;
			productReference = 0D56800129B87CA500AE1116 /* CompositePattern.app */;
			productType = "com.apple.product-type.application";
		};
/* End PBXNativeTarget section */

/* Begin PBXProject section */
		0D567FF929B87CA500AE1116 /* Project object */ = {
			isa = PBXProject;
			attributes = {
				BuildIndependentTargetsInParallel = 1;
				LastUpgradeCheck = 1420;
				TargetAttributes = {
					0D56800029B87CA500AE1116 = {
						CreatedOnToolsVersion = 14.2;
					};
				};
			};
			buildConfigurationList = 0D567FFC29B87CA500AE1116 /* Build configuration list for PBXProject "CompositePattern" */;
			compatibilityVersion = "Xcode 14.0";
			developmentRegion = en;
			hasScannedForEncodings = 0;
			knownRegions = (
				en,
				Base,
			);
			mainGroup = 0D567FF829B87CA500AE1116;
			productRefGroup = 0D56800229B87CA500AE1116 /* Products */;
			projectDirPath = "";
			projectRoot = "";
			targets = (
				0D56800029B87CA500AE1116 /* CompositePattern */,
			);
		};
/* End PBXProject section */

/* Begin PBXResourcesBuildPhase section */
		0D567FFF29B87CA500AE1116 /* Resources */ = {
			isa = PBXResourcesBuildPhase;
			buildActionMask = 2147483647;
			files = (
				0D56802B29B88BD000AE1116 /* Main.storyboard in Resources */,
				0D56801429B87CA700AE1116 /* LaunchScreen.storyboard in Resources */,
				0D56801129B87CA700AE1116 /* Assets.xcassets in Resources */,
			);
			runOnlyForDeploymentPostprocessing = 0;
		};
/* End PBXResourcesBuildPhase section */

/* Begin PBXSourcesBuildPhase section */
		0D567FFD29B87CA500AE1116 /* Sources */ = {
			isa = PBXSourcesBuildPhase;
			buildActionMask = 2147483647;
			files = (
				0D56800C29B87CA500AE1116 /* ViewController.m in Sources */,
				0D56800629B87CA500AE1116 /* AppDelegate.m in Sources */,
				0D56801729B87CA700AE1116 /* main.m in Sources */,
				0D56801F29B87E3600AE1116 /* FileManager.m in Sources */,
				0D56800929B87CA500AE1116 /* SceneDelegate.m in Sources */,
				0D56802229B87E5000AE1116 /* File.m in Sources */,
				0D56802729B881F300AE1116 /* FileViewController.m in Sources */,
				0D56802E29B88E1000AE1116 /* Folder.m in Sources */,
			);
			runOnlyForDeploymentPostprocessing = 0;
		};
/* End PBXSourcesBuildPhase section */

/* Begin PBXVariantGroup section */
		0D56800D29B87CA500AE1116 /* Main.storyboard */ = {
			isa = PBXVariantGroup;
			children = (
				0D56800E29B87CA500AE1116 /* Base */,
			);
			name = Main.storyboard;
			sourceTree = "<group>";
		};
		0D56801229B87CA700AE1116 /* LaunchScreen.storyboard */ = {
			isa = PBXVariantGroup;
			children = (
				0D56801329B87CA700AE1116 /* Base */,
			);
			name = LaunchScreen.storyboard;
			sourceTree = "<group>";
		};
/* End PBXVariantGroup section */

/* Begin XCBuildConfiguration section */
		0D56801829B87CA700AE1116 /* Debug */ = {
			isa = XCBuildConfiguration;
			buildSettings = {
				ALWAYS_SEARCH_USER_PATHS = NO;
				CLANG_ANALYZER_NONNULL = YES;
				CLANG_ANALYZER_NUMBER_OBJECT_CONVERSION = YES_AGGRESSIVE;
				CLANG_CXX_LANGUAGE_STANDARD = "gnu++20";
				CLANG_ENABLE_MODULES = YES;
				CLANG_ENABLE_OBJC_ARC = YES;
				CLANG_ENABLE_OBJC_WEAK = YES;
				CLANG_WARN_BLOCK_CAPTURE_AUTORELEASING = YES;
				CLANG_WARN_BOOL_CONVERSION = YES;
				CLANG_WARN_COMMA = YES;
				CLANG_WARN_CONSTANT_CONVERSION = YES;
				CLANG_WARN_DEPRECATED_OBJC_IMPLEMENTATIONS = YES;
				CLANG_WARN_DIRECT_OBJC_ISA_USAGE = YES_ERROR;
				CLANG_WARN_DOCUMENTATION_COMMENTS = YES;
				CLANG_WARN_EMPTY_BODY = YES;
				CLANG_WARN_ENUM_CONVERSION = YES;
				CLANG_WARN_INFINITE_RECURSION = YES;
				CLANG_WARN_INT_CONVERSION = YES;
				CLANG_WARN_NON_LITERAL_NULL_CONVERSION = YES;
				CLANG_WARN_OBJC_IMPLICIT_RETAIN_SELF = YES;
				CLANG_WARN_OBJC_LITERAL_CONVERSION = YES;
				CLANG_WARN_OBJC_ROOT_CLASS = YES_ERROR;
				CLANG_WARN_QUOTED_INCLUDE_IN_FRAMEWORK_HEADER = YES;
				CLANG_WARN_RANGE_LOOP_ANALYSIS = YES;
				CLANG_WARN_STRICT_PROTOTYPES = YES;
				CLANG_WARN_SUSPICIOUS_MOVE = YES;
				CLANG_WARN_UNGUARDED_AVAILABILITY = YES_AGGRESSIVE;
				CLANG_WARN_UNREACHABLE_CODE = YES;
				CLANG_WARN__DUPLICATE_METHOD_MATCH = YES;
				COPY_PHASE_STRIP = NO;
				DEBUG_INFORMATION_FORMAT = dwarf;
				ENABLE_STRICT_OBJC_MSGSEND = YES;
				ENABLE_TESTABILITY = YES;
				GCC_C_LANGUAGE_STANDARD = gnu11;
				GCC_DYNAMIC_NO_PIC = NO;
				GCC_NO_COMMON_BLOCKS = YES;
				GCC_OPTIMIZATION_LEVEL = 0;
				GCC_PREPROCESSOR_DEFINITIONS = (
					"DEBUG=1",
					"$(inherited)",
				);
				GCC_WARN_64_TO_32_BIT_CONVERSION = YES;
				GCC_WARN_ABOUT_RETURN_TYPE = YES_ERROR;
				GCC_WARN_UNDECLARED_SELECTOR = YES;
				GCC_WARN_UNINITIALIZED_AUTOS = YES_AGGRESSIVE;
				GCC_WARN_UNUSED_FUNCTION = YES;
				GCC_WARN_UNUSED_VARIABLE = YES;
				IPHONEOS_DEPLOYMENT_TARGET = 16.2;
				MTL_ENABLE_DEBUG_INFO = INCLUDE_SOURCE;
				MTL_FAST_MATH = YES;
				ONLY_ACTIVE_ARCH = YES;
				SDKROOT = iphoneos;
			};
			name = Debug;
		};
		0D56801929B87CA700AE1116 /* Release */ = {
			isa = XCBuildConfiguration;
			buildSettings = {
				ALWAYS_SEARCH_USER_PATHS = NO;
				CLANG_ANALYZER_NONNULL = YES;
				CLANG_ANALYZER_NUMBER_OBJECT_CONVERSION = YES_AGGRESSIVE;
				CLANG_CXX_LANGUAGE_STANDARD = "gnu++20";
				CLANG_ENABLE_MODULES = YES;
				CLANG_ENABLE_OBJC_ARC = YES;
				CLANG_ENABLE_OBJC_WEAK = YES;
				CLANG_WARN_BLOCK_CAPTURE_AUTORELEASING = YES;
				CLANG_WARN_BOOL_CONVERSION = YES;
				CLANG_WARN_COMMA = YES;
				CLANG_WARN_CONSTANT_CONVERSION = YES;
				CLANG_WARN_DEPRECATED_OBJC_IMPLEMENTATIONS = YES;
				CLANG_WARN_DIRECT_OBJC_ISA_USAGE = YES_ERROR;
				CLANG_WARN_DOCUMENTATION_COMMENTS = YES;
				CLANG_WARN_EMPTY_BODY = YES;
				CLANG_WARN_ENUM_CONVERSION = YES;
				CLANG_WARN_INFINITE_RECURSION = YES;
				CLANG_WARN_INT_CONVERSION = YES;
				CLANG_WARN_NON_LITERAL_NULL_CONVERSION = YES;
				CLANG_WARN_OBJC_IMPLICIT_RETAIN_SELF = YES;
				CLANG_WARN_OBJC_LITERAL_CONVERSION = YES;
				CLANG_WARN_OBJC_ROOT_CLASS = YES_ERROR;
				CLANG_WARN_QUOTED_INCLUDE_IN_FRAMEWORK_HEADER = YES;
				CLANG_WARN_RANGE_LOOP_ANALYSIS = YES;
				CLANG_WARN_STRICT_PROTOTYPES = YES;
				CLANG_WARN_SUSPICIOUS_MOVE = YES;
				CLANG_WARN_UNGUARDED_AVAILABILITY = YES_AGGRESSIVE;
				CLANG_WARN_UNREACHABLE_CODE = YES;
				CLANG_WARN__DUPLICATE_METHOD_MATCH = YES;
				COPY_PHASE_STRIP = NO;
				DEBUG_INFORMATION_FORMAT = "dwarf-with-dsym";
				ENABLE_NS_ASSERTIONS = NO;
				ENABLE_STRICT_OBJC_MSGSEND = YES;
				GCC_C_LANGUAGE_STANDARD = gnu11;
				GCC_NO_COMMON_BLOCKS = YES;
				GCC_WARN_64_TO_32_BIT_CONVERSION = YES;
				GCC_WARN_ABOUT_RETURN_TYPE = YES_ERROR;
				GCC_WARN_UNDECLARED_SELECTOR = YES;
				GCC_WARN_UNINITIALIZED_AUTOS = YES_AGGRESSIVE;
				GCC_WARN_UNUSED_FUNCTION = YES;
				GCC_WARN_UNUSED_VARIABLE = YES;
				IPHONEOS_DEPLOYMENT_TARGET = 16.2;
				MTL_ENABLE_DEBUG_INFO = NO;
				MTL_FAST_MATH = YES;
				SDKROOT = iphoneos;
				VALIDATE_PRODUCT = YES;
			};
			name = Release;
		};
		0D56801B29B87CA700AE1116 /* Debug */ = {
			isa = XCBuildConfiguration;
			buildSettings = {
				ASSETCATALOG_COMPILER_APPICON_NAME = AppIcon;
				ASSETCATALOG_COMPILER_GLOBAL_ACCENT_COLOR_NAME = AccentColor;
				CODE_SIGN_STYLE = Automatic;
				CURRENT_PROJECT_VERSION = 1;
				DEVELOPMENT_TEAM = VSB67CY7LN;
				GENERATE_INFOPLIST_FILE = YES;
				INFOPLIST_FILE = CompositePattern/Info.plist;
				INFOPLIST_KEY_UIApplicationSupportsIndirectInputEvents = YES;
				INFOPLIST_KEY_UILaunchStoryboardName = LaunchScreen;
				INFOPLIST_KEY_UIMainStoryboardFile = Main;
				INFOPLIST_KEY_UISupportedInterfaceOrientations_iPad = "UIInterfaceOrientationPortrait UIInterfaceOrientationPortraitUpsideDown UIInterfaceOrientationLandscapeLeft UIInterfaceOrientationLandscapeRight";
				INFOPLIST_KEY_UISupportedInterfaceOrientations_iPhone = "UIInterfaceOrientationPortrait UIInterfaceOrientationLandscapeLeft UIInterfaceOrientationLandscapeRight";
				LD_RUNPATH_SEARCH_PATHS = (
					"$(inherited)",
					"@executable_path/Frameworks",
				);
				MARKETING_VERSION = 1.0;
				PRODUCT_BUNDLE_IDENTIFIER = murphy.CompositePattern;
				PRODUCT_NAME = "$(TARGET_NAME)";
				SWIFT_EMIT_LOC_STRINGS = YES;
				TARGETED_DEVICE_FAMILY = "1,2";
			};
			name = Debug;
		};
		0D56801C29B87CA700AE1116 /* Release */ = {
			isa = XCBuildConfiguration;
			buildSettings = {
				ASSETCATALOG_COMPILER_APPICON_NAME = AppIcon;
				ASSETCATALOG_COMPILER_GLOBAL_ACCENT_COLOR_NAME = AccentColor;
				CODE_SIGN_STYLE = Automatic;
				CURRENT_PROJECT_VERSION = 1;
				DEVELOPMENT_TEAM = VSB67CY7LN;
				GENERATE_INFOPLIST_FILE = YES;
				INFOPLIST_FILE = CompositePattern/Info.plist;
				INFOPLIST_KEY_UIApplicationSupportsIndirectInputEvents = YES;
				INFOPLIST_KEY_UILaunchStoryboardName = LaunchScreen;
				INFOPLIST_KEY_UIMainStoryboardFile = Main;
				INFOPLIST_KEY_UISupportedInterfaceOrientations_iPad = "UIInterfaceOrientationPortrait UIInterfaceOrientationPortraitUpsideDown UIInterfaceOrientationLandscapeLeft UIInterfaceOrientationLandscapeRight";
				INFOPLIST_KEY_UISupportedInterfaceOrientations_iPhone = "UIInterfaceOrientationPortrait UIInterfaceOrientationLandscapeLeft UIInterfaceOrientationLandscapeRight";
				LD_RUNPATH_SEARCH_PATHS = (
					"$(inherited)",
					"@executable_path/Frameworks",
				);
				MARKETING_VERSION = 1.0;
				PRODUCT_BUNDLE_IDENTIFIER = murphy.CompositePattern;
				PRODUCT_NAME = "$(TARGET_NAME)";
				SWIFT_EMIT_LOC_STRINGS = YES;
				TARGETED_DEVICE_FAMILY = "1,2";
			};
			name = Release;
		};
/* End XCBuildConfiguration section */

/* Begin XCConfigurationList section */
		0D567FFC29B87CA500AE1116 /* Build configuration list for PBXProject "CompositePattern" */ = {
			isa = XCConfigurationList;
			buildConfigurations = (
				0D56801829B87CA700AE1116 /* Debug */,
				0D56801929B87CA700AE1116 /* Release */,
			);
			defaultConfigurationIsVisible = 0;
			defaultConfigurationName = Release;
		};
		0D56801A29B87CA700AE1116 /* Build configuration list for PBXNativeTarget "CompositePattern" */ = {
			isa = XCConfigurationList;
			buildConfigurations = (
				0D56801B29B87CA700AE1116 /* Debug */,
				0D56801C29B87CA700AE1116 /* Release */,
			);
			defaultConfigurationIsVisible = 0;
			defaultConfigurationName = Release;
		};
/* End XCConfigurationList section */
	};
	rootObject = 0D567FF929B87CA500AE1116 /* Project object */;
}
