// !$*UTF8*$!
{
	archiveVersion = 1;
	classes = {
	};
	objectVersion = 56;
	objects = {

/* Begin PBXBuildFile section */
		0D567FB529B7567200AE1116 /* AppDelegate.m in Sources */ = {isa = PBXBuildFile; fileRef = 0D567FB429B7567200AE1116 /* AppDelegate.m */; };
		0D567FB829B7567200AE1116 /* SceneDelegate.m in Sources */ = {isa = PBXBuildFile; fileRef = 0D567FB729B7567200AE1116 /* SceneDelegate.m */; };
		0D567FBB29B7567200AE1116 /* ViewController.m in Sources */ = {isa = PBXBuildFile; fileRef = 0D567FBA29B7567200AE1116 /* ViewController.m */; };
		0D567FBE29B7567200AE1116 /* Main.storyboard in Resources */ = {isa = PBXBuildFile; fileRef = 0D567FBC29B7567200AE1116 /* Main.storyboard */; };
		0D567FC029B7567400AE1116 /* Assets.xcassets in Resources */ = {isa = PBXBuildFile; fileRef = 0D567FBF29B7567400AE1116 /* Assets.xcassets */; };
		0D567FC329B7567400AE1116 /* LaunchScreen.storyboard in Resources */ = {isa = PBXBuildFile; fileRef = 0D567FC129B7567400AE1116 /* LaunchScreen.storyboard */; };
		0D567FC629B7567400AE1116 /* main.m in Sources */ = {isa = PBXBuildFile; fileRef = 0D567FC529B7567400AE1116 /* main.m */; };
		0D567FD229B7612800AE1116 /* PowerPointImplementor.m in Sources */ = {isa = PBXBuildFile; fileRef = 0D567FD129B7612800AE1116 /* PowerPointImplementor.m */; };
		0D567FD529B7666300AE1116 /* ApplianceAbstraction.m in Sources */ = {isa = PBXBuildFile; fileRef = 0D567FD429B7666300AE1116 /* ApplianceAbstraction.m */; };
		0D567FDB29B76A9B00AE1116 /* RiceCooker.m in Sources */ = {isa = PBXBuildFile; fileRef = 0D567FDA29B76A9B00AE1116 /* RiceCooker.m */; };
		0D567FE129B76C8400AE1116 /* ElectricFan.m in Sources */ = {isa = PBXBuildFile; fileRef = 0D567FDF29B76C8400AE1116 /* ElectricFan.m */; };
		0D567FE429B76D2E00AE1116 /* ThreeGabPowerPoint.m in Sources */ = {isa = PBXBuildFile; fileRef = 0D567FE329B76D2E00AE1116 /* ThreeGabPowerPoint.m */; };
		0D567FE729B76D9C00AE1116 /* TwoGabPowerPoint.m in Sources */ = {isa = PBXBuildFile; fileRef = 0D567FE629B76D9C00AE1116 /* TwoGabPowerPoint.m */; };
		0D567FEA29B7770900AE1116 /* FastPowerAdapter.m in Sources */ = {isa = PBXBuildFile; fileRef = 0D567FE929B7770900AE1116 /* FastPowerAdapter.m */; };
		0D567FEE29B77AF700AE1116 /* IPhone.m in Sources */ = {isa = PBXBuildFile; fileRef = 0D567FED29B77AF700AE1116 /* IPhone.m */; };
		0D567FF129B77AFE00AE1116 /* MiPhone.m in Sources */ = {isa = PBXBuildFile; fileRef = 0D567FF029B77AFE00AE1116 /* MiPhone.m */; };
/* End PBXBuildFile section */

/* Begin PBXFileReference section */
		0D567FB029B7567200AE1116 /* BridgePattern.app */ = {isa = PBXFileReference; explicitFileType = wrapper.application; includeInIndex = 0; path = BridgePattern.app; sourceTree = BUILT_PRODUCTS_DIR; };
		0D567FB329B7567200AE1116 /* AppDelegate.h */ = {isa = PBXFileReference; lastKnownFileType = sourcecode.c.h; path = AppDelegate.h; sourceTree = "<group>"; };
		0D567FB429B7567200AE1116 /* AppDelegate.m */ = {isa = PBXFileReference; lastKnownFileType = sourcecode.c.objc; path = AppDelegate.m; sourceTree = "<group>"; };
		0D567FB629B7567200AE1116 /* SceneDelegate.h */ = {isa = PBXFileReference; lastKnownFileType = sourcecode.c.h; path = SceneDelegate.h; sourceTree = "<group>"; };
		0D567FB729B7567200AE1116 /* SceneDelegate.m */ = {isa = PBXFileReference; lastKnownFileType = sourcecode.c.objc; path = SceneDelegate.m; sourceTree = "<group>"; };
		0D567FB929B7567200AE1116 /* ViewController.h */ = {isa = PBXFileReference; lastKnownFileType = sourcecode.c.h; path = ViewController.h; sourceTree = "<group>"; };
		0D567FBA29B7567200AE1116 /* ViewController.m */ = {isa = PBXFileReference; lastKnownFileType = sourcecode.c.objc; path = ViewController.m; sourceTree = "<group>"; };
		0D567FBD29B7567200AE1116 /* Base */ = {isa = PBXFileReference; lastKnownFileType = file.storyboard; name = Base; path = Base.lproj/Main.storyboard; sourceTree = "<group>"; };
		0D567FBF29B7567400AE1116 /* Assets.xcassets */ = {isa = PBXFileReference; lastKnownFileType = folder.assetcatalog; path = Assets.xcassets; sourceTree = "<group>"; };
		0D567FC229B7567400AE1116 /* Base */ = {isa = PBXFileReference; lastKnownFileType = file.storyboard; name = Base; path = Base.lproj/LaunchScreen.storyboard; sourceTree = "<group>"; };
		0D567FC429B7567400AE1116 /* Info.plist */ = {isa = PBXFileReference; lastKnownFileType = text.plist.xml; path = Info.plist; sourceTree = "<group>"; };
		0D567FC529B7567400AE1116 /* main.m */ = {isa = PBXFileReference; lastKnownFileType = sourcecode.c.objc; path = main.m; sourceTree = "<group>"; };
		0D567FD029B7612800AE1116 /* PowerPointImplementor.h */ = {isa = PBXFileReference; lastKnownFileType = sourcecode.c.h; path = PowerPointImplementor.h; sourceTree = "<group>"; };
		0D567FD129B7612800AE1116 /* PowerPointImplementor.m */ = {isa = PBXFileReference; lastKnownFileType = sourcecode.c.objc; path = PowerPointImplementor.m; sourceTree = "<group>"; };
		0D567FD329B7666300AE1116 /* ApplianceAbstraction.h */ = {isa = PBXFileReference; lastKnownFileType = sourcecode.c.h; path = ApplianceAbstraction.h; sourceTree = "<group>"; };
		0D567FD429B7666300AE1116 /* ApplianceAbstraction.m */ = {isa = PBXFileReference; lastKnownFileType = sourcecode.c.objc; path = ApplianceAbstraction.m; sourceTree = "<group>"; };
		0D567FD929B76A9B00AE1116 /* RiceCooker.h */ = {isa = PBXFileReference; lastKnownFileType = sourcecode.c.h; path = RiceCooker.h; sourceTree = "<group>"; };
		0D567FDA29B76A9B00AE1116 /* RiceCooker.m */ = {isa = PBXFileReference; lastKnownFileType = sourcecode.c.objc; path = RiceCooker.m; sourceTree = "<group>"; };
		0D567FDF29B76C8400AE1116 /* ElectricFan.m */ = {isa = PBXFileReference; fileEncoding = 4; lastKnownFileType = sourcecode.c.objc; path = ElectricFan.m; sourceTree = "<group>"; };
		0D567FE029B76C8400AE1116 /* ElectricFan.h */ = {isa = PBXFileReference; fileEncoding = 4; lastKnownFileType = sourcecode.c.h; path = ElectricFan.h; sourceTree = "<group>"; };
		0D567FE229B76D2E00AE1116 /* ThreeGabPowerPoint.h */ = {isa = PBXFileReference; lastKnownFileType = sourcecode.c.h; path = ThreeGabPowerPoint.h; sourceTree = "<group>"; };
		0D567FE329B76D2E00AE1116 /* ThreeGabPowerPoint.m */ = {isa = PBXFileReference; lastKnownFileType = sourcecode.c.objc; path = ThreeGabPowerPoint.m; sourceTree = "<group>"; };
		0D567FE529B76D9C00AE1116 /* TwoGabPowerPoint.h */ = {isa = PBXFileReference; lastKnownFileType = sourcecode.c.h; path = TwoGabPowerPoint.h; sourceTree = "<group>"; };
		0D567FE629B76D9C00AE1116 /* TwoGabPowerPoint.m */ = {isa = PBXFileReference; lastKnownFileType = sourcecode.c.objc; path = TwoGabPowerPoint.m; sourceTree = "<group>"; };
		0D567FE829B7770900AE1116 /* FastPowerAdapter.h */ = {isa = PBXFileReference; lastKnownFileType = sourcecode.c.h; path = FastPowerAdapter.h; sourceTree = "<group>"; };
		0D567FE929B7770900AE1116 /* FastPowerAdapter.m */ = {isa = PBXFileReference; lastKnownFileType = sourcecode.c.objc; path = FastPowerAdapter.m; sourceTree = "<group>"; };
		0D567FEC29B77AF700AE1116 /* IPhone.h */ = {isa = PBXFileReference; lastKnownFileType = sourcecode.c.h; path = IPhone.h; sourceTree = "<group>"; };
		0D567FED29B77AF700AE1116 /* IPhone.m */ = {isa = PBXFileReference; lastKnownFileType = sourcecode.c.objc; path = IPhone.m; sourceTree = "<group>"; };
		0D567FEF29B77AFE00AE1116 /* MiPhone.h */ = {isa = PBXFileReference; lastKnownFileType = sourcecode.c.h; path = MiPhone.h; sourceTree = "<group>"; };
		0D567FF029B77AFE00AE1116 /* MiPhone.m */ = {isa = PBXFileReference; lastKnownFileType = sourcecode.c.objc; path = MiPhone.m; sourceTree = "<group>"; };
		0D567FF229B77B3700AE1116 /* PowerAdapterProtocol.h */ = {isa = PBXFileReference; lastKnownFileType = sourcecode.c.h; path = PowerAdapterProtocol.h; sourceTree = "<group>"; };
/* End PBXFileReference section */

/* Begin PBXFrameworksBuildPhase section */
		0D567FAD29B7567200AE1116 /* Frameworks */ = {
			isa = PBXFrameworksBuildPhase;
			buildActionMask = 2147483647;
			files = (
			);
			runOnlyForDeploymentPostprocessing = 0;
		};
/* End PBXFrameworksBuildPhase section */

/* Begin PBXGroup section */
		0D567FA729B7567200AE1116 = {
			isa = PBXGroup;
			children = (
				0D567FB229B7567200AE1116 /* BridgePattern */,
				0D567FB129B7567200AE1116 /* Products */,
			);
			sourceTree = "<group>";
		};
		0D567FB129B7567200AE1116 /* Products */ = {
			isa = PBXGroup;
			children = (
				0D567FB029B7567200AE1116 /* BridgePattern.app */,
			);
			name = Products;
			sourceTree = "<group>";
		};
		0D567FB229B7567200AE1116 /* BridgePattern */ = {
			isa = PBXGroup;
			children = (
				0D567FB329B7567200AE1116 /* AppDelegate.h */,
				0D567FB429B7567200AE1116 /* AppDelegate.m */,
				0D567FB629B7567200AE1116 /* SceneDelegate.h */,
				0D567FB729B7567200AE1116 /* SceneDelegate.m */,
				0D567FB929B7567200AE1116 /* ViewController.h */,
				0D567FBA29B7567200AE1116 /* ViewController.m */,
				0D567FEC29B77AF700AE1116 /* IPhone.h */,
				0D567FED29B77AF700AE1116 /* IPhone.m */,
				0D567FEF29B77AFE00AE1116 /* MiPhone.h */,
				0D567FF029B77AFE00AE1116 /* MiPhone.m */,
				0D567FE029B76C8400AE1116 /* ElectricFan.h */,
				0D567FDF29B76C8400AE1116 /* ElectricFan.m */,
				0D567FE529B76D9C00AE1116 /* TwoGabPowerPoint.h */,
				0D567FE629B76D9C00AE1116 /* TwoGabPowerPoint.m */,
				0D567FD929B76A9B00AE1116 /* RiceCooker.h */,
				0D567FDA29B76A9B00AE1116 /* RiceCooker.m */,
				0D567FE229B76D2E00AE1116 /* ThreeGabPowerPoint.h */,
				0D567FE329B76D2E00AE1116 /* ThreeGabPowerPoint.m */,
				0D567FEB29B7771800AE1116 /* Adapter */,
				0D567FCC29B7587800AE1116 /* Console */,
				0D567FBC29B7567200AE1116 /* Main.storyboard */,
				0D567FBF29B7567400AE1116 /* Assets.xcassets */,
				0D567FC129B7567400AE1116 /* LaunchScreen.storyboard */,
				0D567FC429B7567400AE1116 /* Info.plist */,
				0D567FC529B7567400AE1116 /* main.m */,
			);
			path = BridgePattern;
			sourceTree = "<group>";
		};
		0D567FCC29B7587800AE1116 /* Console */ = {
			isa = PBXGroup;
			children = (
				0D567FD329B7666300AE1116 /* ApplianceAbstraction.h */,
				0D567FD429B7666300AE1116 /* ApplianceAbstraction.m */,
				0D567FD029B7612800AE1116 /* PowerPointImplementor.h */,
				0D567FD129B7612800AE1116 /* PowerPointImplementor.m */,
			);
			path = Console;
			sourceTree = "<group>";
		};
		0D567FEB29B7771800AE1116 /* Adapter */ = {
			isa = PBXGroup;
			children = (
				0D567FF229B77B3700AE1116 /* PowerAdapterProtocol.h */,
				0D567FE829B7770900AE1116 /* FastPowerAdapter.h */,
				0D567FE929B7770900AE1116 /* FastPowerAdapter.m */,
			);
			path = Adapter;
			sourceTree = "<group>";
		};
/* End PBXGroup section */

/* Begin PBXNativeTarget section */
		0D567FAF29B7567200AE1116 /* BridgePattern */ = {
			isa = PBXNativeTarget;
			buildConfigurationList = 0D567FC929B7567400AE1116 /* Build configuration list for PBXNativeTarget "BridgePattern" */;
			buildPhases = (
				0D567FAC29B7567200AE1116 /* Sources */,
				0D567FAD29B7567200AE1116 /* Frameworks */,
				0D567FAE29B7567200AE1116 /* Resources */,
			);
			buildRules = (
			);
			dependencies = (
			);
			name = BridgePattern;
			productName = BridgePattern;
			productReference = 0D567FB029B7567200AE1116 /* BridgePattern.app */;
			productType = "com.apple.product-type.application";
		};
/* End PBXNativeTarget section */

/* Begin PBXProject section */
		0D567FA829B7567200AE1116 /* Project object */ = {
			isa = PBXProject;
			attributes = {
				BuildIndependentTargetsInParallel = 1;
				LastUpgradeCheck = 1420;
				TargetAttributes = {
					0D567FAF29B7567200AE1116 = {
						CreatedOnToolsVersion = 14.2;
					};
				};
			};
			buildConfigurationList = 0D567FAB29B7567200AE1116 /* Build configuration list for PBXProject "BridgePattern" */;
			compatibilityVersion = "Xcode 14.0";
			developmentRegion = en;
			hasScannedForEncodings = 0;
			knownRegions = (
				en,
				Base,
			);
			mainGroup = 0D567FA729B7567200AE1116;
			productRefGroup = 0D567FB129B7567200AE1116 /* Products */;
			projectDirPath = "";
			projectRoot = "";
			targets = (
				0D567FAF29B7567200AE1116 /* BridgePattern */,
			);
		};
/* End PBXProject section */

/* Begin PBXResourcesBuildPhase section */
		0D567FAE29B7567200AE1116 /* Resources */ = {
			isa = PBXResourcesBuildPhase;
			buildActionMask = 2147483647;
			files = (
				0D567FC329B7567400AE1116 /* LaunchScreen.storyboard in Resources */,
				0D567FC029B7567400AE1116 /* Assets.xcassets in Resources */,
				0D567FBE29B7567200AE1116 /* Main.storyboard in Resources */,
			);
			runOnlyForDeploymentPostprocessing = 0;
		};
/* End PBXResourcesBuildPhase section */

/* Begin PBXSourcesBuildPhase section */
		0D567FAC29B7567200AE1116 /* Sources */ = {
			isa = PBXSourcesBuildPhase;
			buildActionMask = 2147483647;
			files = (
				0D567FE729B76D9C00AE1116 /* TwoGabPowerPoint.m in Sources */,
				0D567FEA29B7770900AE1116 /* FastPowerAdapter.m in Sources */,
				0D567FEE29B77AF700AE1116 /* IPhone.m in Sources */,
				0D567FE129B76C8400AE1116 /* ElectricFan.m in Sources */,
				0D567FD229B7612800AE1116 /* PowerPointImplementor.m in Sources */,
				0D567FBB29B7567200AE1116 /* ViewController.m in Sources */,
				0D567FD529B7666300AE1116 /* ApplianceAbstraction.m in Sources */,
				0D567FDB29B76A9B00AE1116 /* RiceCooker.m in Sources */,
				0D567FB529B7567200AE1116 /* AppDelegate.m in Sources */,
				0D567FC629B7567400AE1116 /* main.m in Sources */,
				0D567FF129B77AFE00AE1116 /* MiPhone.m in Sources */,
				0D567FE429B76D2E00AE1116 /* ThreeGabPowerPoint.m in Sources */,
				0D567FB829B7567200AE1116 /* SceneDelegate.m in Sources */,
			);
			runOnlyForDeploymentPostprocessing = 0;
		};
/* End PBXSourcesBuildPhase section */

/* Begin PBXVariantGroup section */
		0D567FBC29B7567200AE1116 /* Main.storyboard */ = {
			isa = PBXVariantGroup;
			children = (
				0D567FBD29B7567200AE1116 /* Base */,
			);
			name = Main.storyboard;
			sourceTree = "<group>";
		};
		0D567FC129B7567400AE1116 /* LaunchScreen.storyboard */ = {
			isa = PBXVariantGroup;
			children = (
				0D567FC229B7567400AE1116 /* Base */,
			);
			name = LaunchScreen.storyboard;
			sourceTree = "<group>";
		};
/* End PBXVariantGroup section */

/* Begin XCBuildConfiguration section */
		0D567FC729B7567400AE1116 /* Debug */ = {
			isa = XCBuildConfiguration;
			buildSettings = {
				ALWAYS_SEARCH_USER_PATHS = NO;
				CLANG_ANALYZER_NONNULL = YES;
				CLANG_ANALYZER_NUMBER_OBJECT_CONVERSION = YES_AGGRESSIVE;
				CLANG_CXX_LANGUAGE_STANDARD = "gnu++20";
				CLANG_ENABLE_MODULES = YES;
				CLANG_ENABLE_OBJC_ARC = YES;
				CLANG_ENABLE_OBJC_WEAK = YES;
				CLANG_WARN_BLOCK_CAPTURE_AUTORELEASING = YES;
				CLANG_WARN_BOOL_CONVERSION = YES;
				CLANG_WARN_COMMA = YES;
				CLANG_WARN_CONSTANT_CONVERSION = YES;
				CLANG_WARN_DEPRECATED_OBJC_IMPLEMENTATIONS = YES;
				CLANG_WARN_DIRECT_OBJC_ISA_USAGE = YES_ERROR;
				CLANG_WARN_DOCUMENTATION_COMMENTS = YES;
				CLANG_WARN_EMPTY_BODY = YES;
				CLANG_WARN_ENUM_CONVERSION = YES;
				CLANG_WARN_INFINITE_RECURSION = YES;
				CLANG_WARN_INT_CONVERSION = YES;
				CLANG_WARN_NON_LITERAL_NULL_CONVERSION = YES;
				CLANG_WARN_OBJC_IMPLICIT_RETAIN_SELF = YES;
				CLANG_WARN_OBJC_LITERAL_CONVERSION = YES;
				CLANG_WARN_OBJC_ROOT_CLASS = YES_ERROR;
				CLANG_WARN_QUOTED_INCLUDE_IN_FRAMEWORK_HEADER = YES;
				CLANG_WARN_RANGE_LOOP_ANALYSIS = YES;
				CLANG_WARN_STRICT_PROTOTYPES = YES;
				CLANG_WARN_SUSPICIOUS_MOVE = YES;
				CLANG_WARN_UNGUARDED_AVAILABILITY = YES_AGGRESSIVE;
				CLANG_WARN_UNREACHABLE_CODE = YES;
				CLANG_WARN__DUPLICATE_METHOD_MATCH = YES;
				COPY_PHASE_STRIP = NO;
				DEBUG_INFORMATION_FORMAT = dwarf;
				ENABLE_STRICT_OBJC_MSGSEND = YES;
				ENABLE_TESTABILITY = YES;
				GCC_C_LANGUAGE_STANDARD = gnu11;
				GCC_DYNAMIC_NO_PIC = NO;
				GCC_NO_COMMON_BLOCKS = YES;
				GCC_OPTIMIZATION_LEVEL = 0;
				GCC_PREPROCESSOR_DEFINITIONS = (
					"DEBUG=1",
					"$(inherited)",
				);
				GCC_WARN_64_TO_32_BIT_CONVERSION = YES;
				GCC_WARN_ABOUT_RETURN_TYPE = YES_ERROR;
				GCC_WARN_UNDECLARED_SELECTOR = YES;
				GCC_WARN_UNINITIALIZED_AUTOS = YES_AGGRESSIVE;
				GCC_WARN_UNUSED_FUNCTION = YES;
				GCC_WARN_UNUSED_VARIABLE = YES;
				IPHONEOS_DEPLOYMENT_TARGET = 16.2;
				MTL_ENABLE_DEBUG_INFO = INCLUDE_SOURCE;
				MTL_FAST_MATH = YES;
				ONLY_ACTIVE_ARCH = YES;
				SDKROOT = iphoneos;
			};
			name = Debug;
		};
		0D567FC829B7567400AE1116 /* Release */ = {
			isa = XCBuildConfiguration;
			buildSettings = {
				ALWAYS_SEARCH_USER_PATHS = NO;
				CLANG_ANALYZER_NONNULL = YES;
				CLANG_ANALYZER_NUMBER_OBJECT_CONVERSION = YES_AGGRESSIVE;
				CLANG_CXX_LANGUAGE_STANDARD = "gnu++20";
				CLANG_ENABLE_MODULES = YES;
				CLANG_ENABLE_OBJC_ARC = YES;
				CLANG_ENABLE_OBJC_WEAK = YES;
				CLANG_WARN_BLOCK_CAPTURE_AUTORELEASING = YES;
				CLANG_WARN_BOOL_CONVERSION = YES;
				CLANG_WARN_COMMA = YES;
				CLANG_WARN_CONSTANT_CONVERSION = YES;
				CLANG_WARN_DEPRECATED_OBJC_IMPLEMENTATIONS = YES;
				CLANG_WARN_DIRECT_OBJC_ISA_USAGE = YES_ERROR;
				CLANG_WARN_DOCUMENTATION_COMMENTS = YES;
				CLANG_WARN_EMPTY_BODY = YES;
				CLANG_WARN_ENUM_CONVERSION = YES;
				CLANG_WARN_INFINITE_RECURSION = YES;
				CLANG_WARN_INT_CONVERSION = YES;
				CLANG_WARN_NON_LITERAL_NULL_CONVERSION = YES;
				CLANG_WARN_OBJC_IMPLICIT_RETAIN_SELF = YES;
				CLANG_WARN_OBJC_LITERAL_CONVERSION = YES;
				CLANG_WARN_OBJC_ROOT_CLASS = YES_ERROR;
				CLANG_WARN_QUOTED_INCLUDE_IN_FRAMEWORK_HEADER = YES;
				CLANG_WARN_RANGE_LOOP_ANALYSIS = YES;
				CLANG_WARN_STRICT_PROTOTYPES = YES;
				CLANG_WARN_SUSPICIOUS_MOVE = YES;
				CLANG_WARN_UNGUARDED_AVAILABILITY = YES_AGGRESSIVE;
				CLANG_WARN_UNREACHABLE_CODE = YES;
				CLANG_WARN__DUPLICATE_METHOD_MATCH = YES;
				COPY_PHASE_STRIP = NO;
				DEBUG_INFORMATION_FORMAT = "dwarf-with-dsym";
				ENABLE_NS_ASSERTIONS = NO;
				ENABLE_STRICT_OBJC_MSGSEND = YES;
				GCC_C_LANGUAGE_STANDARD = gnu11;
				GCC_NO_COMMON_BLOCKS = YES;
				GCC_WARN_64_TO_32_BIT_CONVERSION = YES;
				GCC_WARN_ABOUT_RETURN_TYPE = YES_ERROR;
				GCC_WARN_UNDECLARED_SELECTOR = YES;
				GCC_WARN_UNINITIALIZED_AUTOS = YES_AGGRESSIVE;
				GCC_WARN_UNUSED_FUNCTION = YES;
				GCC_WARN_UNUSED_VARIABLE = YES;
				IPHONEOS_DEPLOYMENT_TARGET = 16.2;
				MTL_ENABLE_DEBUG_INFO = NO;
				MTL_FAST_MATH = YES;
				SDKROOT = iphoneos;
				VALIDATE_PRODUCT = YES;
			};
			name = Release;
		};
		0D567FCA29B7567400AE1116 /* Debug */ = {
			isa = XCBuildConfiguration;
			buildSettings = {
				ASSETCATALOG_COMPILER_APPICON_NAME = AppIcon;
				ASSETCATALOG_COMPILER_GLOBAL_ACCENT_COLOR_NAME = AccentColor;
				CODE_SIGN_STYLE = Automatic;
				CURRENT_PROJECT_VERSION = 1;
				DEVELOPMENT_TEAM = VSB67CY7LN;
				GENERATE_INFOPLIST_FILE = YES;
				INFOPLIST_FILE = BridgePattern/Info.plist;
				INFOPLIST_KEY_UIApplicationSupportsIndirectInputEvents = YES;
				INFOPLIST_KEY_UILaunchStoryboardName = LaunchScreen;
				INFOPLIST_KEY_UIMainStoryboardFile = Main;
				INFOPLIST_KEY_UISupportedInterfaceOrientations_iPad = "UIInterfaceOrientationPortrait UIInterfaceOrientationPortraitUpsideDown UIInterfaceOrientationLandscapeLeft UIInterfaceOrientationLandscapeRight";
				INFOPLIST_KEY_UISupportedInterfaceOrientations_iPhone = "UIInterfaceOrientationPortrait UIInterfaceOrientationLandscapeLeft UIInterfaceOrientationLandscapeRight";
				LD_RUNPATH_SEARCH_PATHS = (
					"$(inherited)",
					"@executable_path/Frameworks",
				);
				MARKETING_VERSION = 1.0;
				PRODUCT_BUNDLE_IDENTIFIER = murphy.BridgePattern;
				PRODUCT_NAME = "$(TARGET_NAME)";
				SWIFT_EMIT_LOC_STRINGS = YES;
				TARGETED_DEVICE_FAMILY = "1,2";
			};
			name = Debug;
		};
		0D567FCB29B7567400AE1116 /* Release */ = {
			isa = XCBuildConfiguration;
			buildSettings = {
				ASSETCATALOG_COMPILER_APPICON_NAME = AppIcon;
				ASSETCATALOG_COMPILER_GLOBAL_ACCENT_COLOR_NAME = AccentColor;
				CODE_SIGN_STYLE = Automatic;
				CURRENT_PROJECT_VERSION = 1;
				DEVELOPMENT_TEAM = VSB67CY7LN;
				GENERATE_INFOPLIST_FILE = YES;
				INFOPLIST_FILE = BridgePattern/Info.plist;
				INFOPLIST_KEY_UIApplicationSupportsIndirectInputEvents = YES;
				INFOPLIST_KEY_UILaunchStoryboardName = LaunchScreen;
				INFOPLIST_KEY_UIMainStoryboardFile = Main;
				INFOPLIST_KEY_UISupportedInterfaceOrientations_iPad = "UIInterfaceOrientationPortrait UIInterfaceOrientationPortraitUpsideDown UIInterfaceOrientationLandscapeLeft UIInterfaceOrientationLandscapeRight";
				INFOPLIST_KEY_UISupportedInterfaceOrientations_iPhone = "UIInterfaceOrientationPortrait UIInterfaceOrientationLandscapeLeft UIInterfaceOrientationLandscapeRight";
				LD_RUNPATH_SEARCH_PATHS = (
					"$(inherited)",
					"@executable_path/Frameworks",
				);
				MARKETING_VERSION = 1.0;
				PRODUCT_BUNDLE_IDENTIFIER = murphy.BridgePattern;
				PRODUCT_NAME = "$(TARGET_NAME)";
				SWIFT_EMIT_LOC_STRINGS = YES;
				TARGETED_DEVICE_FAMILY = "1,2";
			};
			name = Release;
		};
/* End XCBuildConfiguration section */

/* Begin XCConfigurationList section */
		0D567FAB29B7567200AE1116 /* Build configuration list for PBXProject "BridgePattern" */ = {
			isa = XCConfigurationList;
			buildConfigurations = (
				0D567FC729B7567400AE1116 /* Debug */,
				0D567FC829B7567400AE1116 /* Release */,
			);
			defaultConfigurationIsVisible = 0;
			defaultConfigurationName = Release;
		};
		0D567FC929B7567400AE1116 /* Build configuration list for PBXNativeTarget "BridgePattern" */ = {
			isa = XCConfigurationList;
			buildConfigurations = (
				0D567FCA29B7567400AE1116 /* Debug */,
				0D567FCB29B7567400AE1116 /* Release */,
			);
			defaultConfigurationIsVisible = 0;
			defaultConfigurationName = Release;
		};
/* End XCConfigurationList section */
	};
	rootObject = 0D567FA829B7567200AE1116 /* Project object */;
}
